
Microsoft Visual Studio Solution File, Format Version 12.00
# Visual Studio Version 16
VisualStudioVersion = 16.0.31005.135
MinimumVisualStudioVersion = 10.0.40219.1
Project("{FAE04EC0-301F-11D3-BF4B-00C04F79EFBC}") = "CalculadoraWin", "CalculadoraWin.csproj", "{73CE1906-5BAC-41DF-96E2-E9894DB0B84B}"
EndProject
Project("{FAE04EC0-301F-11D3-BF4B-00C04F79EFBC}") = "Operaciones", "..\Operaciones\Operaciones.csproj", "{37058B29-6A9B-4ACF-85B0-796ABB0DC4C4}"
EndProject
Global
	GlobalSection(SolutionConfigurationPlatforms) = preSolution
		Debug|Any CPU = Debug|Any CPU
		Release|Any CPU = Release|Any CPU
	EndGlobalSection
	GlobalSection(ProjectConfigurationPlatforms) = postSolution
		{73CE1906-5BAC-41DF-96E2-E9894DB0B84B}.Debug|Any CPU.ActiveCfg = Release|Any CPU
		{73CE1906-5BAC-41DF-96E2-E9894DB0B84B}.Debug|Any CPU.Build.0 = Release|Any CPU
		{73CE1906-5BAC-41DF-96E2-E9894DB0B84B}.Release|Any CPU.ActiveCfg = Release|Any CPU
		{73CE1906-5BAC-41DF-96E2-E9894DB0B84B}.Release|Any CPU.Build.0 = Release|Any CPU
		{37058B29-6A9B-4ACF-85B0-796ABB0DC4C4}.Debug|Any CPU.ActiveCfg = Debug|Any CPU
		{37058B29-6A9B-4ACF-85B0-796ABB0DC4C4}.Debug|Any CPU.Build.0 = Debug|Any CPU
		{37058B29-6A9B-4ACF-85B0-796ABB0DC4C4}.Release|Any CPU.ActiveCfg = Release|Any CPU
		{37058B29-6A9B-4ACF-85B0-796ABB0DC4C4}.Release|Any CPU.Build.0 = Release|Any CPU
	EndGlobalSection
	GlobalSection(SolutionProperties) = preSolution
		HideSolutionNode = FALSE
	EndGlobalSection
	GlobalSection(ExtensibilityGlobals) = postSolution
		SolutionGuid = {1174AAF5-8C1A-4DEC-AD89-1E37F4CA3E54}
	EndGlobalSection
EndGlobal
